
Microsoft Visual Studio Solution File, Format Version 12.00
# Visual Studio 15
VisualStudioVersion = 15.0.27130.2036
MinimumVisualStudioVersion = 10.0.40219.1
Project("{FAE04EC0-301F-11D3-BF4B-00C04F79EFBC}") = "WPF_SimpleCalculator", "WPF_SimpleCalculator\WPF_SimpleCalculator.csproj", "{FC41345B-DCD8-4105-A4D1-713EDDAB8DB6}"
EndProject
Global
	GlobalSection(SolutionConfigurationPlatforms) = preSolution
		Debug|Any CPU = Debug|Any CPU
		Release|Any CPU = Release|Any CPU
	EndGlobalSection
	GlobalSection(ProjectConfigurationPlatforms) = postSolution
		{FC41345B-DCD8-4105-A4D1-713EDDAB8DB6}.Debug|Any CPU.ActiveCfg = Debug|Any CPU
		{FC41345B-DCD8-4105-A4D1-713EDDAB8DB6}.Debug|Any CPU.Build.0 = Debug|Any CPU
		{FC41345B-DCD8-4105-A4D1-713EDDAB8DB6}.Release|Any CPU.ActiveCfg = Release|Any CPU
		{FC41345B-DCD8-4105-A4D1-713EDDAB8DB6}.Release|Any CPU.Build.0 = Release|Any CPU
	EndGlobalSection
	GlobalSection(SolutionProperties) = preSolution
		HideSolutionNode = FALSE
	EndGlobalSection
	GlobalSection(ExtensibilityGlobals) = postSolution
		SolutionGuid = {B6C2F471-976C-423D-8656-8CCAE77C75D3}
	EndGlobalSection
EndGlobal
